
Microsoft Visual Studio Solution File, Format Version 12.00
# Visual Studio Version 17
VisualStudioVersion = 17.2.32616.157
MinimumVisualStudioVersion = 10.0.40219.1
Project("{FAE04EC0-301F-11D3-BF4B-00C04F79EFBC}") = "CityInfo", "CityInfo\CityInfo.csproj", "{5B32FD1B-0171-4634-93B2-427F29B8A4DC}"
EndProject
Global
	GlobalSection(SolutionConfigurationPlatforms) = preSolution
		Debug|Any CPU = Debug|Any CPU
		Release|Any CPU = Release|Any CPU
	EndGlobalSection
	GlobalSection(ProjectConfigurationPlatforms) = postSolution
		{5B32FD1B-0171-4634-93B2-427F29B8A4DC}.Debug|Any CPU.ActiveCfg = Debug|Any CPU
		{5B32FD1B-0171-4634-93B2-427F29B8A4DC}.Debug|Any CPU.Build.0 = Debug|Any CPU
		{5B32FD1B-0171-4634-93B2-427F29B8A4DC}.Release|Any CPU.ActiveCfg = Release|Any CPU
		{5B32FD1B-0171-4634-93B2-427F29B8A4DC}.Release|Any CPU.Build.0 = Release|Any CPU
	EndGlobalSection
	GlobalSection(SolutionProperties) = preSolution
		HideSolutionNode = FALSE
	EndGlobalSection
	GlobalSection(ExtensibilityGlobals) = postSolution
		SolutionGuid = {9DB0341C-A51E-4112-9DA4-D30568E92FBF}
	EndGlobalSection
EndGlobal
